// !$*UTF8*$!
{
	archiveVersion = 1;
	classes = {
	};
	objectVersion = 56;
	objects = {

/* Begin PBXBuildFile section */
		C4DA8D402C74A22E0064C472 /* AppDelegate.swift in Sources */ = {isa = PBXBuildFile; fileRef = C4DA8D3F2C74A22E0064C472 /* AppDelegate.swift */; };
		C4DA8D422C74A22E0064C472 /* SceneDelegate.swift in Sources */ = {isa = PBXBuildFile; fileRef = C4DA8D412C74A22E0064C472 /* SceneDelegate.swift */; };
		C4DA8D492C74A22F0064C472 /* Assets.xcassets in Resources */ = {isa = PBXBuildFile; fileRef = C4DA8D482C74A22F0064C472 /* Assets.xcassets */; };
		C4DA8D4C2C74A22F0064C472 /* LaunchScreen.storyboard in Resources */ = {isa = PBXBuildFile; fileRef = C4DA8D4A2C74A22F0064C472 /* LaunchScreen.storyboard */; };
		C4DA8D572C74A2300064C472 /* TravelCostMVVMTests.swift in Sources */ = {isa = PBXBuildFile; fileRef = C4DA8D562C74A2300064C472 /* TravelCostMVVMTests.swift */; };
		C4DA8D742C74A28B0064C472 /* AppContainer.swift in Sources */ = {isa = PBXBuildFile; fileRef = C4DA8D732C74A28B0064C472 /* AppContainer.swift */; };
		C4DA8D762C74A2970064C472 /* AppRouter.swift in Sources */ = {isa = PBXBuildFile; fileRef = C4DA8D752C74A2970064C472 /* AppRouter.swift */; };
		C4DA8D782C74A2AB0064C472 /* CityListViewController.swift in Sources */ = {isa = PBXBuildFile; fileRef = C4DA8D772C74A2AB0064C472 /* CityListViewController.swift */; };
		C4DA8D7B2C74A2C30064C472 /* CityListViewControllerBuilder.swift in Sources */ = {isa = PBXBuildFile; fileRef = C4DA8D7A2C74A2C30064C472 /* CityListViewControllerBuilder.swift */; };
		C4DA8D7D2C74A2CB0064C472 /* CityListContracts.swift in Sources */ = {isa = PBXBuildFile; fileRef = C4DA8D7C2C74A2CB0064C472 /* CityListContracts.swift */; };
		C4DA8D7F2C74A2D30064C472 /* CityList.storyboard in Resources */ = {isa = PBXBuildFile; fileRef = C4DA8D7E2C74A2D30064C472 /* CityList.storyboard */; };
		C4DA8D812C74A2EB0064C472 /* CityListViewModel.swift in Sources */ = {isa = PBXBuildFile; fileRef = C4DA8D802C74A2EB0064C472 /* CityListViewModel.swift */; };
		C4DA8D862C74A40F0064C472 /* NetworkingLayer.framework in Frameworks */ = {isa = PBXBuildFile; fileRef = C4DA8D852C74A40F0064C472 /* NetworkingLayer.framework */; };
		C4DA8D872C74A40F0064C472 /* NetworkingLayer.framework in Embed Frameworks */ = {isa = PBXBuildFile; fileRef = C4DA8D852C74A40F0064C472 /* NetworkingLayer.framework */; settings = {ATTRIBUTES = (CodeSignOnCopy, RemoveHeadersOnCopy, ); }; };
		C4DA8D9E2C74B7670064C472 /* CityPresentation.swift in Sources */ = {isa = PBXBuildFile; fileRef = C4DA8D9D2C74B7670064C472 /* CityPresentation.swift */; };
		C4DA8DA12C74BA720064C472 /* SnapKit in Frameworks */ = {isa = PBXBuildFile; productRef = C4DA8DA02C74BA720064C472 /* SnapKit */; };
		C4DA8DA32C74BE3E0064C472 /* CityCell.swift in Sources */ = {isa = PBXBuildFile; fileRef = C4DA8DA22C74BE3E0064C472 /* CityCell.swift */; };
		C4DA8DA62C74CFA50064C472 /* UIView+LoadingIndicator.swift in Sources */ = {isa = PBXBuildFile; fileRef = C4DA8DA52C74CFA50064C472 /* UIView+LoadingIndicator.swift */; };
		C4DA8DAB2C74D6E80064C472 /* CityDetailPresentation.swift in Sources */ = {isa = PBXBuildFile; fileRef = C4DA8DAA2C74D6E80064C472 /* CityDetailPresentation.swift */; };
		C4DA8DAE2C74D7090064C472 /* CityDetailContracts.swift in Sources */ = {isa = PBXBuildFile; fileRef = C4DA8DAD2C74D7090064C472 /* CityDetailContracts.swift */; };
		C4DA8DB02C74D7210064C472 /* CityDetailViewController.swift in Sources */ = {isa = PBXBuildFile; fileRef = C4DA8DAF2C74D7210064C472 /* CityDetailViewController.swift */; };
		C4DA8DB22C74D72E0064C472 /* CityDetailViewModel.swift in Sources */ = {isa = PBXBuildFile; fileRef = C4DA8DB12C74D72E0064C472 /* CityDetailViewModel.swift */; };
		C4DA8DB42C74D73A0064C472 /* CityDetailBuilder.swift in Sources */ = {isa = PBXBuildFile; fileRef = C4DA8DB32C74D73A0064C472 /* CityDetailBuilder.swift */; };
		C4DA8DB62C74D7460064C472 /* CityDetail.storyboard in Resources */ = {isa = PBXBuildFile; fileRef = C4DA8DB52C74D7460064C472 /* CityDetail.storyboard */; };
		C4DA8DB82C75434B0064C472 /* CityDetailCell.swift in Sources */ = {isa = PBXBuildFile; fileRef = C4DA8DB72C75434B0064C472 /* CityDetailCell.swift */; };
		C4DA8DBA2C7543570064C472 /* EmptyCell.swift in Sources */ = {isa = PBXBuildFile; fileRef = C4DA8DB92C7543570064C472 /* EmptyCell.swift */; };
		C4DA8DBC2C7545550064C472 /* CityDetailHeaderCell.swift in Sources */ = {isa = PBXBuildFile; fileRef = C4DA8DBB2C7545550064C472 /* CityDetailHeaderCell.swift */; };
		C4DA8DF82C75F3560064C472 /* DataModel.xcdatamodeld in Sources */ = {isa = PBXBuildFile; fileRef = C4DA8DF62C75F3560064C472 /* DataModel.xcdatamodeld */; };
		C4DA8DFF2C75F5750064C472 /* CoreDataStack.swift in Sources */ = {isa = PBXBuildFile; fileRef = C4DA8DFE2C75F5750064C472 /* CoreDataStack.swift */; };
		C4DA8E012C760DC20064C472 /* CoreDataService.swift in Sources */ = {isa = PBXBuildFile; fileRef = C4DA8E002C760DC20064C472 /* CoreDataService.swift */; };
		C4DA8E032C760E4F0064C472 /* SynchronizationService.swift in Sources */ = {isa = PBXBuildFile; fileRef = C4DA8E022C760E4F0064C472 /* SynchronizationService.swift */; };
/* End PBXBuildFile section */

/* Begin PBXContainerItemProxy section */
		C4DA8D532C74A2300064C472 /* PBXContainerItemProxy */ = {
			isa = PBXContainerItemProxy;
			containerPortal = C4DA8D342C74A22E0064C472 /* Project object */;
			proxyType = 1;
			remoteGlobalIDString = C4DA8D3B2C74A22E0064C472;
			remoteInfo = TravelCostMVVM;
		};
/* End PBXContainerItemProxy section */

/* Begin PBXCopyFilesBuildPhase section */
		C4DA8D882C74A40F0064C472 /* Embed Frameworks */ = {
			isa = PBXCopyFilesBuildPhase;
			buildActionMask = 2147483647;
			dstPath = "";
			dstSubfolderSpec = 10;
			files = (
				C4DA8D872C74A40F0064C472 /* NetworkingLayer.framework in Embed Frameworks */,
			);
			name = "Embed Frameworks";
			runOnlyForDeploymentPostprocessing = 0;
		};
/* End PBXCopyFilesBuildPhase section */

/* Begin PBXFileReference section */
		C4DA8D3C2C74A22E0064C472 /* TravelCostMVVM.app */ = {isa = PBXFileReference; explicitFileType = wrapper.application; includeInIndex = 0; path = TravelCostMVVM.app; sourceTree = BUILT_PRODUCTS_DIR; };
		C4DA8D3F2C74A22E0064C472 /* AppDelegate.swift */ = {isa = PBXFileReference; lastKnownFileType = sourcecode.swift; path = AppDelegate.swift; sourceTree = "<group>"; };
		C4DA8D412C74A22E0064C472 /* SceneDelegate.swift */ = {isa = PBXFileReference; lastKnownFileType = sourcecode.swift; path = SceneDelegate.swift; sourceTree = "<group>"; };
		C4DA8D482C74A22F0064C472 /* Assets.xcassets */ = {isa = PBXFileReference; lastKnownFileType = folder.assetcatalog; path = Assets.xcassets; sourceTree = "<group>"; };
		C4DA8D4B2C74A22F0064C472 /* Base */ = {isa = PBXFileReference; lastKnownFileType = file.storyboard; name = Base; path = Base.lproj/LaunchScreen.storyboard; sourceTree = "<group>"; };
		C4DA8D4D2C74A22F0064C472 /* Info.plist */ = {isa = PBXFileReference; lastKnownFileType = text.plist.xml; path = Info.plist; sourceTree = "<group>"; };
		C4DA8D522C74A2300064C472 /* TravelCostMVVMTests.xctest */ = {isa = PBXFileReference; explicitFileType = wrapper.cfbundle; includeInIndex = 0; path = TravelCostMVVMTests.xctest; sourceTree = BUILT_PRODUCTS_DIR; };
		C4DA8D562C74A2300064C472 /* TravelCostMVVMTests.swift */ = {isa = PBXFileReference; lastKnownFileType = sourcecode.swift; path = TravelCostMVVMTests.swift; sourceTree = "<group>"; };
		C4DA8D732C74A28B0064C472 /* AppContainer.swift */ = {isa = PBXFileReference; lastKnownFileType = sourcecode.swift; path = AppContainer.swift; sourceTree = "<group>"; };
		C4DA8D752C74A2970064C472 /* AppRouter.swift */ = {isa = PBXFileReference; lastKnownFileType = sourcecode.swift; path = AppRouter.swift; sourceTree = "<group>"; };
		C4DA8D772C74A2AB0064C472 /* CityListViewController.swift */ = {isa = PBXFileReference; lastKnownFileType = sourcecode.swift; path = CityListViewController.swift; sourceTree = "<group>"; };
		C4DA8D7A2C74A2C30064C472 /* CityListViewControllerBuilder.swift */ = {isa = PBXFileReference; lastKnownFileType = sourcecode.swift; path = CityListViewControllerBuilder.swift; sourceTree = "<group>"; };
		C4DA8D7C2C74A2CB0064C472 /* CityListContracts.swift */ = {isa = PBXFileReference; lastKnownFileType = sourcecode.swift; path = CityListContracts.swift; sourceTree = "<group>"; };
		C4DA8D7E2C74A2D30064C472 /* CityList.storyboard */ = {isa = PBXFileReference; lastKnownFileType = file.storyboard; path = CityList.storyboard; sourceTree = "<group>"; };
		C4DA8D802C74A2EB0064C472 /* CityListViewModel.swift */ = {isa = PBXFileReference; lastKnownFileType = sourcecode.swift; path = CityListViewModel.swift; sourceTree = "<group>"; };
		C4DA8D852C74A40F0064C472 /* NetworkingLayer.framework */ = {isa = PBXFileReference; explicitFileType = wrapper.framework; path = NetworkingLayer.framework; sourceTree = BUILT_PRODUCTS_DIR; };
		C4DA8D9D2C74B7670064C472 /* CityPresentation.swift */ = {isa = PBXFileReference; lastKnownFileType = sourcecode.swift; path = CityPresentation.swift; sourceTree = "<group>"; };
		C4DA8DA22C74BE3E0064C472 /* CityCell.swift */ = {isa = PBXFileReference; lastKnownFileType = sourcecode.swift; path = CityCell.swift; sourceTree = "<group>"; };
		C4DA8DA52C74CFA50064C472 /* UIView+LoadingIndicator.swift */ = {isa = PBXFileReference; lastKnownFileType = sourcecode.swift; path = "UIView+LoadingIndicator.swift"; sourceTree = "<group>"; };
		C4DA8DAA2C74D6E80064C472 /* CityDetailPresentation.swift */ = {isa = PBXFileReference; lastKnownFileType = sourcecode.swift; path = CityDetailPresentation.swift; sourceTree = "<group>"; };
		C4DA8DAD2C74D7090064C472 /* CityDetailContracts.swift */ = {isa = PBXFileReference; lastKnownFileType = sourcecode.swift; path = CityDetailContracts.swift; sourceTree = "<group>"; };
		C4DA8DAF2C74D7210064C472 /* CityDetailViewController.swift */ = {isa = PBXFileReference; lastKnownFileType = sourcecode.swift; path = CityDetailViewController.swift; sourceTree = "<group>"; };
		C4DA8DB12C74D72E0064C472 /* CityDetailViewModel.swift */ = {isa = PBXFileReference; lastKnownFileType = sourcecode.swift; path = CityDetailViewModel.swift; sourceTree = "<group>"; };
		C4DA8DB32C74D73A0064C472 /* CityDetailBuilder.swift */ = {isa = PBXFileReference; lastKnownFileType = sourcecode.swift; path = CityDetailBuilder.swift; sourceTree = "<group>"; };
		C4DA8DB52C74D7460064C472 /* CityDetail.storyboard */ = {isa = PBXFileReference; lastKnownFileType = file.storyboard; path = CityDetail.storyboard; sourceTree = "<group>"; };
		C4DA8DB72C75434B0064C472 /* CityDetailCell.swift */ = {isa = PBXFileReference; lastKnownFileType = sourcecode.swift; path = CityDetailCell.swift; sourceTree = "<group>"; };
		C4DA8DB92C7543570064C472 /* EmptyCell.swift */ = {isa = PBXFileReference; lastKnownFileType = sourcecode.swift; path = EmptyCell.swift; sourceTree = "<group>"; };
		C4DA8DBB2C7545550064C472 /* CityDetailHeaderCell.swift */ = {isa = PBXFileReference; lastKnownFileType = sourcecode.swift; path = CityDetailHeaderCell.swift; sourceTree = "<group>"; };
		C4DA8DF72C75F3560064C472 /* DataModel.xcdatamodel */ = {isa = PBXFileReference; lastKnownFileType = wrapper.xcdatamodel; path = DataModel.xcdatamodel; sourceTree = "<group>"; };
		C4DA8DFE2C75F5750064C472 /* CoreDataStack.swift */ = {isa = PBXFileReference; lastKnownFileType = sourcecode.swift; path = CoreDataStack.swift; sourceTree = "<group>"; };
		C4DA8E002C760DC20064C472 /* CoreDataService.swift */ = {isa = PBXFileReference; lastKnownFileType = sourcecode.swift; path = CoreDataService.swift; sourceTree = "<group>"; };
		C4DA8E022C760E4F0064C472 /* SynchronizationService.swift */ = {isa = PBXFileReference; lastKnownFileType = sourcecode.swift; path = SynchronizationService.swift; sourceTree = "<group>"; };
/* End PBXFileReference section */

/* Begin PBXFrameworksBuildPhase section */
		C4DA8D392C74A22E0064C472 /* Frameworks */ = {
			isa = PBXFrameworksBuildPhase;
			buildActionMask = 2147483647;
			files = (
				C4DA8D862C74A40F0064C472 /* NetworkingLayer.framework in Frameworks */,
				C4DA8DA12C74BA720064C472 /* SnapKit in Frameworks */,
			);
			runOnlyForDeploymentPostprocessing = 0;
		};
		C4DA8D4F2C74A2300064C472 /* Frameworks */ = {
			isa = PBXFrameworksBuildPhase;
			buildActionMask = 2147483647;
			files = (
			);
			runOnlyForDeploymentPostprocessing = 0;
		};
/* End PBXFrameworksBuildPhase section */

/* Begin PBXGroup section */
		C4DA8D332C74A22E0064C472 = {
			isa = PBXGroup;
			children = (
				C4DA8D3E2C74A22E0064C472 /* TravelCostMVVM */,
				C4DA8D552C74A2300064C472 /* TravelCostMVVMTests */,
				C4DA8D3D2C74A22E0064C472 /* Products */,
				C4DA8D842C74A40F0064C472 /* Frameworks */,
			);
			sourceTree = "<group>";
		};
		C4DA8D3D2C74A22E0064C472 /* Products */ = {
			isa = PBXGroup;
			children = (
				C4DA8D3C2C74A22E0064C472 /* TravelCostMVVM.app */,
				C4DA8D522C74A2300064C472 /* TravelCostMVVMTests.xctest */,
			);
			name = Products;
			sourceTree = "<group>";
		};
		C4DA8D3E2C74A22E0064C472 /* TravelCostMVVM */ = {
			isa = PBXGroup;
			children = (
				C4DA8D6F2C74A2440064C472 /* App */,
				C4DA8D702C74A25C0064C472 /* Scenes */,
				C4DA8D712C74A26A0064C472 /* Resources */,
				C4DA8D722C74A2730064C472 /* SupportingFiles */,
				C4DA8D4D2C74A22F0064C472 /* Info.plist */,
			);
			path = TravelCostMVVM;
			sourceTree = "<group>";
		};
		C4DA8D552C74A2300064C472 /* TravelCostMVVMTests */ = {
			isa = PBXGroup;
			children = (
				C4DA8D562C74A2300064C472 /* TravelCostMVVMTests.swift */,
			);
			path = TravelCostMVVMTests;
			sourceTree = "<group>";
		};
		C4DA8D6F2C74A2440064C472 /* App */ = {
			isa = PBXGroup;
			children = (
				C4DA8D3F2C74A22E0064C472 /* AppDelegate.swift */,
				C4DA8D412C74A22E0064C472 /* SceneDelegate.swift */,
				C4DA8D732C74A28B0064C472 /* AppContainer.swift */,
				C4DA8D752C74A2970064C472 /* AppRouter.swift */,
			);
			path = App;
			sourceTree = "<group>";
		};
		C4DA8D702C74A25C0064C472 /* Scenes */ = {
			isa = PBXGroup;
			children = (
				C4DA8D792C74A2B00064C472 /* CityList */,
				C4DA8DAC2C74D6EE0064C472 /* CityDetail */,
			);
			path = Scenes;
			sourceTree = "<group>";
		};
		C4DA8D712C74A26A0064C472 /* Resources */ = {
			isa = PBXGroup;
			children = (
				C4DA8DFD2C75F56B0064C472 /* CoreData */,
				C4DA8D482C74A22F0064C472 /* Assets.xcassets */,
			);
			path = Resources;
			sourceTree = "<group>";
		};
		C4DA8D722C74A2730064C472 /* SupportingFiles */ = {
			isa = PBXGroup;
			children = (
				C4DA8DA42C74CF960064C472 /* Extensions */,
				C4DA8D4A2C74A22F0064C472 /* LaunchScreen.storyboard */,
			);
			path = SupportingFiles;
			sourceTree = "<group>";
		};
		C4DA8D792C74A2B00064C472 /* CityList */ = {
			isa = PBXGroup;
			children = (
				C4DA8D7E2C74A2D30064C472 /* CityList.storyboard */,
				C4DA8DA22C74BE3E0064C472 /* CityCell.swift */,
				C4DA8D9D2C74B7670064C472 /* CityPresentation.swift */,
				C4DA8D7C2C74A2CB0064C472 /* CityListContracts.swift */,
				C4DA8D802C74A2EB0064C472 /* CityListViewModel.swift */,
				C4DA8D772C74A2AB0064C472 /* CityListViewController.swift */,
				C4DA8D7A2C74A2C30064C472 /* CityListViewControllerBuilder.swift */,
			);
			path = CityList;
			sourceTree = "<group>";
		};
		C4DA8D842C74A40F0064C472 /* Frameworks */ = {
			isa = PBXGroup;
			children = (
				C4DA8D852C74A40F0064C472 /* NetworkingLayer.framework */,
			);
			name = Frameworks;
			sourceTree = "<group>";
		};
		C4DA8DA42C74CF960064C472 /* Extensions */ = {
			isa = PBXGroup;
			children = (
				C4DA8DA52C74CFA50064C472 /* UIView+LoadingIndicator.swift */,
			);
			path = Extensions;
			sourceTree = "<group>";
		};
		C4DA8DAC2C74D6EE0064C472 /* CityDetail */ = {
			isa = PBXGroup;
			children = (
				C4DA8DB52C74D7460064C472 /* CityDetail.storyboard */,
				C4DA8DBD2C75455E0064C472 /* Cells */,
				C4DA8DB32C74D73A0064C472 /* CityDetailBuilder.swift */,
				C4DA8DAD2C74D7090064C472 /* CityDetailContracts.swift */,
				C4DA8DB12C74D72E0064C472 /* CityDetailViewModel.swift */,
				C4DA8DAA2C74D6E80064C472 /* CityDetailPresentation.swift */,
				C4DA8DAF2C74D7210064C472 /* CityDetailViewController.swift */,
			);
			path = CityDetail;
			sourceTree = "<group>";
		};
		C4DA8DBD2C75455E0064C472 /* Cells */ = {
			isa = PBXGroup;
			children = (
				C4DA8DB92C7543570064C472 /* EmptyCell.swift */,
				C4DA8DB72C75434B0064C472 /* CityDetailCell.swift */,
				C4DA8DBB2C7545550064C472 /* CityDetailHeaderCell.swift */,
			);
			path = Cells;
			sourceTree = "<group>";
		};
		C4DA8DFD2C75F56B0064C472 /* CoreData */ = {
			isa = PBXGroup;
			children = (
				C4DA8DF62C75F3560064C472 /* DataModel.xcdatamodeld */,
				C4DA8DFE2C75F5750064C472 /* CoreDataStack.swift */,
				C4DA8E002C760DC20064C472 /* CoreDataService.swift */,
				C4DA8E022C760E4F0064C472 /* SynchronizationService.swift */,
			);
			path = CoreData;
			sourceTree = "<group>";
		};
/* End PBXGroup section */

/* Begin PBXNativeTarget section */
		C4DA8D3B2C74A22E0064C472 /* TravelCostMVVM */ = {
			isa = PBXNativeTarget;
			buildConfigurationList = C4DA8D662C74A2300064C472 /* Build configuration list for PBXNativeTarget "TravelCostMVVM" */;
			buildPhases = (
				C4DA8D382C74A22E0064C472 /* Sources */,
				C4DA8D392C74A22E0064C472 /* Frameworks */,
				C4DA8D3A2C74A22E0064C472 /* Resources */,
				C4DA8D882C74A40F0064C472 /* Embed Frameworks */,
			);
			buildRules = (
			);
			dependencies = (
			);
			name = TravelCostMVVM;
			packageProductDependencies = (
				C4DA8DA02C74BA720064C472 /* SnapKit */,
			);
			productName = TravelCostMVVM;
			productReference = C4DA8D3C2C74A22E0064C472 /* TravelCostMVVM.app */;
			productType = "com.apple.product-type.application";
		};
		C4DA8D512C74A2300064C472 /* TravelCostMVVMTests */ = {
			isa = PBXNativeTarget;
			buildConfigurationList = C4DA8D692C74A2300064C472 /* Build configuration list for PBXNativeTarget "TravelCostMVVMTests" */;
			buildPhases = (
				C4DA8D4E2C74A2300064C472 /* Sources */,
				C4DA8D4F2C74A2300064C472 /* Frameworks */,
				C4DA8D502C74A2300064C472 /* Resources */,
			);
			buildRules = (
			);
			dependencies = (
				C4DA8D542C74A2300064C472 /* PBXTargetDependency */,
			);
			name = TravelCostMVVMTests;
			productName = TravelCostMVVMTests;
			productReference = C4DA8D522C74A2300064C472 /* TravelCostMVVMTests.xctest */;
			productType = "com.apple.product-type.bundle.unit-test";
		};
/* End PBXNativeTarget section */

/* Begin PBXProject section */
		C4DA8D342C74A22E0064C472 /* Project object */ = {
			isa = PBXProject;
			attributes = {
				BuildIndependentTargetsInParallel = 1;
				LastSwiftUpdateCheck = 1520;
				LastUpgradeCheck = 1520;
				TargetAttributes = {
					C4DA8D3B2C74A22E0064C472 = {
						CreatedOnToolsVersion = 15.2;
					};
					C4DA8D512C74A2300064C472 = {
						CreatedOnToolsVersion = 15.2;
						TestTargetID = C4DA8D3B2C74A22E0064C472;
					};
				};
			};
			buildConfigurationList = C4DA8D372C74A22E0064C472 /* Build configuration list for PBXProject "TravelCostMVVM" */;
			compatibilityVersion = "Xcode 14.0";
			developmentRegion = en;
			hasScannedForEncodings = 0;
			knownRegions = (
				en,
				Base,
			);
			mainGroup = C4DA8D332C74A22E0064C472;
			packageReferences = (
				C4DA8D9F2C74BA720064C472 /* XCRemoteSwiftPackageReference "SnapKit" */,
			);
			productRefGroup = C4DA8D3D2C74A22E0064C472 /* Products */;
			projectDirPath = "";
			projectRoot = "";
			targets = (
				C4DA8D3B2C74A22E0064C472 /* TravelCostMVVM */,
				C4DA8D512C74A2300064C472 /* TravelCostMVVMTests */,
			);
		};
/* End PBXProject section */

/* Begin PBXResourcesBuildPhase section */
		C4DA8D3A2C74A22E0064C472 /* Resources */ = {
			isa = PBXResourcesBuildPhase;
			buildActionMask = 2147483647;
			files = (
				C4DA8DB62C74D7460064C472 /* CityDetail.storyboard in Resources */,
				C4DA8D4C2C74A22F0064C472 /* LaunchScreen.storyboard in Resources */,
				C4DA8D492C74A22F0064C472 /* Assets.xcassets in Resources */,
				C4DA8D7F2C74A2D30064C472 /* CityList.storyboard in Resources */,
			);
			runOnlyForDeploymentPostprocessing = 0;
		};
		C4DA8D502C74A2300064C472 /* Resources */ = {
			isa = PBXResourcesBuildPhase;
			buildActionMask = 2147483647;
			files = (
			);
			runOnlyForDeploymentPostprocessing = 0;
		};
/* End PBXResourcesBuildPhase section */

/* Begin PBXSourcesBuildPhase section */
		C4DA8D382C74A22E0064C472 /* Sources */ = {
			isa = PBXSourcesBuildPhase;
			buildActionMask = 2147483647;
			files = (
				C4DA8DFF2C75F5750064C472 /* CoreDataStack.swift in Sources */,
				C4DA8D762C74A2970064C472 /* AppRouter.swift in Sources */,
				C4DA8DF82C75F3560064C472 /* DataModel.xcdatamodeld in Sources */,
				C4DA8D402C74A22E0064C472 /* AppDelegate.swift in Sources */,
				C4DA8DBC2C7545550064C472 /* CityDetailHeaderCell.swift in Sources */,
				C4DA8DA62C74CFA50064C472 /* UIView+LoadingIndicator.swift in Sources */,
				C4DA8E032C760E4F0064C472 /* SynchronizationService.swift in Sources */,
				C4DA8DA32C74BE3E0064C472 /* CityCell.swift in Sources */,
				C4DA8D422C74A22E0064C472 /* SceneDelegate.swift in Sources */,
				C4DA8E012C760DC20064C472 /* CoreDataService.swift in Sources */,
				C4DA8DB42C74D73A0064C472 /* CityDetailBuilder.swift in Sources */,
				C4DA8D812C74A2EB0064C472 /* CityListViewModel.swift in Sources */,
				C4DA8D782C74A2AB0064C472 /* CityListViewController.swift in Sources */,
				C4DA8D7D2C74A2CB0064C472 /* CityListContracts.swift in Sources */,
				C4DA8D742C74A28B0064C472 /* AppContainer.swift in Sources */,
				C4DA8DB82C75434B0064C472 /* CityDetailCell.swift in Sources */,
				C4DA8D9E2C74B7670064C472 /* CityPresentation.swift in Sources */,
				C4DA8DB02C74D7210064C472 /* CityDetailViewController.swift in Sources */,
				C4DA8DAE2C74D7090064C472 /* CityDetailContracts.swift in Sources */,
				C4DA8DB22C74D72E0064C472 /* CityDetailViewModel.swift in Sources */,
				C4DA8D7B2C74A2C30064C472 /* CityListViewControllerBuilder.swift in Sources */,
				C4DA8DAB2C74D6E80064C472 /* CityDetailPresentation.swift in Sources */,
				C4DA8DBA2C7543570064C472 /* EmptyCell.swift in Sources */,
			);
			runOnlyForDeploymentPostprocessing = 0;
		};
		C4DA8D4E2C74A2300064C472 /* Sources */ = {
			isa = PBXSourcesBuildPhase;
			buildActionMask = 2147483647;
			files = (
				C4DA8D572C74A2300064C472 /* TravelCostMVVMTests.swift in Sources */,
			);
			runOnlyForDeploymentPostprocessing = 0;
		};
/* End PBXSourcesBuildPhase section */

/* Begin PBXTargetDependency section */
		C4DA8D542C74A2300064C472 /* PBXTargetDependency */ = {
			isa = PBXTargetDependency;
			target = C4DA8D3B2C74A22E0064C472 /* TravelCostMVVM */;
			targetProxy = C4DA8D532C74A2300064C472 /* PBXContainerItemProxy */;
		};
/* End PBXTargetDependency section */

/* Begin PBXVariantGroup section */
		C4DA8D4A2C74A22F0064C472 /* LaunchScreen.storyboard */ = {
			isa = PBXVariantGroup;
			children = (
				C4DA8D4B2C74A22F0064C472 /* Base */,
			);
			name = LaunchScreen.storyboard;
			sourceTree = "<group>";
		};
/* End PBXVariantGroup section */

/* Begin XCBuildConfiguration section */
		C4DA8D642C74A2300064C472 /* Debug */ = {
			isa = XCBuildConfiguration;
			buildSettings = {
				ALWAYS_SEARCH_USER_PATHS = NO;
				ASSETCATALOG_COMPILER_GENERATE_SWIFT_ASSET_SYMBOL_EXTENSIONS = YES;
				CLANG_ANALYZER_NONNULL = YES;
				CLANG_ANALYZER_NUMBER_OBJECT_CONVERSION = YES_AGGRESSIVE;
				CLANG_CXX_LANGUAGE_STANDARD = "gnu++20";
				CLANG_ENABLE_MODULES = YES;
				CLANG_ENABLE_OBJC_ARC = YES;
				CLANG_ENABLE_OBJC_WEAK = YES;
				CLANG_WARN_BLOCK_CAPTURE_AUTORELEASING = YES;
				CLANG_WARN_BOOL_CONVERSION = YES;
				CLANG_WARN_COMMA = YES;
				CLANG_WARN_CONSTANT_CONVERSION = YES;
				CLANG_WARN_DEPRECATED_OBJC_IMPLEMENTATIONS = YES;
				CLANG_WARN_DIRECT_OBJC_ISA_USAGE = YES_ERROR;
				CLANG_WARN_DOCUMENTATION_COMMENTS = YES;
				CLANG_WARN_EMPTY_BODY = YES;
				CLANG_WARN_ENUM_CONVERSION = YES;
				CLANG_WARN_INFINITE_RECURSION = YES;
				CLANG_WARN_INT_CONVERSION = YES;
				CLANG_WARN_NON_LITERAL_NULL_CONVERSION = YES;
				CLANG_WARN_OBJC_IMPLICIT_RETAIN_SELF = YES;
				CLANG_WARN_OBJC_LITERAL_CONVERSION = YES;
				CLANG_WARN_OBJC_ROOT_CLASS = YES_ERROR;
				CLANG_WARN_QUOTED_INCLUDE_IN_FRAMEWORK_HEADER = YES;
				CLANG_WARN_RANGE_LOOP_ANALYSIS = YES;
				CLANG_WARN_STRICT_PROTOTYPES = YES;
				CLANG_WARN_SUSPICIOUS_MOVE = YES;
				CLANG_WARN_UNGUARDED_AVAILABILITY = YES_AGGRESSIVE;
				CLANG_WARN_UNREACHABLE_CODE = YES;
				CLANG_WARN__DUPLICATE_METHOD_MATCH = YES;
				COPY_PHASE_STRIP = NO;
				DEBUG_INFORMATION_FORMAT = dwarf;
				ENABLE_STRICT_OBJC_MSGSEND = YES;
				ENABLE_TESTABILITY = YES;
				ENABLE_USER_SCRIPT_SANDBOXING = YES;
				GCC_C_LANGUAGE_STANDARD = gnu17;
				GCC_DYNAMIC_NO_PIC = NO;
				GCC_NO_COMMON_BLOCKS = YES;
				GCC_OPTIMIZATION_LEVEL = 0;
				GCC_PREPROCESSOR_DEFINITIONS = (
					"DEBUG=1",
					"$(inherited)",
				);
				GCC_WARN_64_TO_32_BIT_CONVERSION = YES;
				GCC_WARN_ABOUT_RETURN_TYPE = YES_ERROR;
				GCC_WARN_UNDECLARED_SELECTOR = YES;
				GCC_WARN_UNINITIALIZED_AUTOS = YES_AGGRESSIVE;
				GCC_WARN_UNUSED_FUNCTION = YES;
				GCC_WARN_UNUSED_VARIABLE = YES;
				IPHONEOS_DEPLOYMENT_TARGET = 17.2;
				LOCALIZATION_PREFERS_STRING_CATALOGS = YES;
				MTL_ENABLE_DEBUG_INFO = INCLUDE_SOURCE;
				MTL_FAST_MATH = YES;
				ONLY_ACTIVE_ARCH = YES;
				SDKROOT = iphoneos;
				SWIFT_ACTIVE_COMPILATION_CONDITIONS = "DEBUG $(inherited)";
				SWIFT_OPTIMIZATION_LEVEL = "-Onone";
			};
			name = Debug;
		};
		C4DA8D652C74A2300064C472 /* Release */ = {
			isa = XCBuildConfiguration;
			buildSettings = {
				ALWAYS_SEARCH_USER_PATHS = NO;
				ASSETCATALOG_COMPILER_GENERATE_SWIFT_ASSET_SYMBOL_EXTENSIONS = YES;
				CLANG_ANALYZER_NONNULL = YES;
				CLANG_ANALYZER_NUMBER_OBJECT_CONVERSION = YES_AGGRESSIVE;
				CLANG_CXX_LANGUAGE_STANDARD = "gnu++20";
				CLANG_ENABLE_MODULES = YES;
				CLANG_ENABLE_OBJC_ARC = YES;
				CLANG_ENABLE_OBJC_WEAK = YES;
				CLANG_WARN_BLOCK_CAPTURE_AUTORELEASING = YES;
				CLANG_WARN_BOOL_CONVERSION = YES;
				CLANG_WARN_COMMA = YES;
				CLANG_WARN_CONSTANT_CONVERSION = YES;
				CLANG_WARN_DEPRECATED_OBJC_IMPLEMENTATIONS = YES;
				CLANG_WARN_DIRECT_OBJC_ISA_USAGE = YES_ERROR;
				CLANG_WARN_DOCUMENTATION_COMMENTS = YES;
				CLANG_WARN_EMPTY_BODY = YES;
				CLANG_WARN_ENUM_CONVERSION = YES;
				CLANG_WARN_INFINITE_RECURSION = YES;
				CLANG_WARN_INT_CONVERSION = YES;
				CLANG_WARN_NON_LITERAL_NULL_CONVERSION = YES;
				CLANG_WARN_OBJC_IMPLICIT_RETAIN_SELF = YES;
				CLANG_WARN_OBJC_LITERAL_CONVERSION = YES;
				CLANG_WARN_OBJC_ROOT_CLASS = YES_ERROR;
				CLANG_WARN_QUOTED_INCLUDE_IN_FRAMEWORK_HEADER = YES;
				CLANG_WARN_RANGE_LOOP_ANALYSIS = YES;
				CLANG_WARN_STRICT_PROTOTYPES = YES;
				CLANG_WARN_SUSPICIOUS_MOVE = YES;
				CLANG_WARN_UNGUARDED_AVAILABILITY = YES_AGGRESSIVE;
				CLANG_WARN_UNREACHABLE_CODE = YES;
				CLANG_WARN__DUPLICATE_METHOD_MATCH = YES;
				COPY_PHASE_STRIP = NO;
				DEBUG_INFORMATION_FORMAT = "dwarf-with-dsym";
				ENABLE_NS_ASSERTIONS = NO;
				ENABLE_STRICT_OBJC_MSGSEND = YES;
				ENABLE_USER_SCRIPT_SANDBOXING = YES;
				GCC_C_LANGUAGE_STANDARD = gnu17;
				GCC_NO_COMMON_BLOCKS = YES;
				GCC_WARN_64_TO_32_BIT_CONVERSION = YES;
				GCC_WARN_ABOUT_RETURN_TYPE = YES_ERROR;
				GCC_WARN_UNDECLARED_SELECTOR = YES;
				GCC_WARN_UNINITIALIZED_AUTOS = YES_AGGRESSIVE;
				GCC_WARN_UNUSED_FUNCTION = YES;
				GCC_WARN_UNUSED_VARIABLE = YES;
				IPHONEOS_DEPLOYMENT_TARGET = 17.2;
				LOCALIZATION_PREFERS_STRING_CATALOGS = YES;
				MTL_ENABLE_DEBUG_INFO = NO;
				MTL_FAST_MATH = YES;
				SDKROOT = iphoneos;
				SWIFT_COMPILATION_MODE = wholemodule;
				VALIDATE_PRODUCT = YES;
			};
			name = Release;
		};
		C4DA8D672C74A2300064C472 /* Debug */ = {
			isa = XCBuildConfiguration;
			buildSettings = {
				ASSETCATALOG_COMPILER_APPICON_NAME = AppIcon;
				ASSETCATALOG_COMPILER_GLOBAL_ACCENT_COLOR_NAME = AccentColor;
				CODE_SIGN_STYLE = Automatic;
				CURRENT_PROJECT_VERSION = 1;
				DEVELOPMENT_TEAM = ZNPQPP89HM;
				GENERATE_INFOPLIST_FILE = YES;
				INFOPLIST_FILE = TravelCostMVVM/Info.plist;
				INFOPLIST_KEY_UIApplicationSupportsIndirectInputEvents = YES;
				INFOPLIST_KEY_UILaunchStoryboardName = LaunchScreen;
				INFOPLIST_KEY_UISupportedInterfaceOrientations_iPad = "UIInterfaceOrientationPortrait UIInterfaceOrientationPortraitUpsideDown UIInterfaceOrientationLandscapeLeft UIInterfaceOrientationLandscapeRight";
				INFOPLIST_KEY_UISupportedInterfaceOrientations_iPhone = "UIInterfaceOrientationPortrait UIInterfaceOrientationLandscapeLeft UIInterfaceOrientationLandscapeRight";
				LD_RUNPATH_SEARCH_PATHS = (
					"$(inherited)",
					"@executable_path/Frameworks",
				);
				MARKETING_VERSION = 1.0;
				PRODUCT_BUNDLE_IDENTIFIER = com.example.TravelCostMVVM;
				PRODUCT_NAME = "$(TARGET_NAME)";
				SWIFT_EMIT_LOC_STRINGS = YES;
				SWIFT_VERSION = 5.0;
				TARGETED_DEVICE_FAMILY = "1,2";
			};
			name = Debug;
		};
		C4DA8D682C74A2300064C472 /* Release */ = {
			isa = XCBuildConfiguration;
			buildSettings = {
				ASSETCATALOG_COMPILER_APPICON_NAME = AppIcon;
				ASSETCATALOG_COMPILER_GLOBAL_ACCENT_COLOR_NAME = AccentColor;
				CODE_SIGN_STYLE = Automatic;
				CURRENT_PROJECT_VERSION = 1;
				DEVELOPMENT_TEAM = ZNPQPP89HM;
				GENERATE_INFOPLIST_FILE = YES;
				INFOPLIST_FILE = TravelCostMVVM/Info.plist;
				INFOPLIST_KEY_UIApplicationSupportsIndirectInputEvents = YES;
				INFOPLIST_KEY_UILaunchStoryboardName = LaunchScreen;
				INFOPLIST_KEY_UISupportedInterfaceOrientations_iPad = "UIInterfaceOrientationPortrait UIInterfaceOrientationPortraitUpsideDown UIInterfaceOrientationLandscapeLeft UIInterfaceOrientationLandscapeRight";
				INFOPLIST_KEY_UISupportedInterfaceOrientations_iPhone = "UIInterfaceOrientationPortrait UIInterfaceOrientationLandscapeLeft UIInterfaceOrientationLandscapeRight";
				LD_RUNPATH_SEARCH_PATHS = (
					"$(inherited)",
					"@executable_path/Frameworks",
				);
				MARKETING_VERSION = 1.0;
				PRODUCT_BUNDLE_IDENTIFIER = com.example.TravelCostMVVM;
				PRODUCT_NAME = "$(TARGET_NAME)";
				SWIFT_EMIT_LOC_STRINGS = YES;
				SWIFT_VERSION = 5.0;
				TARGETED_DEVICE_FAMILY = "1,2";
			};
			name = Release;
		};
		C4DA8D6A2C74A2300064C472 /* Debug */ = {
			isa = XCBuildConfiguration;
			buildSettings = {
				ALWAYS_EMBED_SWIFT_STANDARD_LIBRARIES = YES;
				BUNDLE_LOADER = "$(TEST_HOST)";
				CODE_SIGN_STYLE = Automatic;
				CURRENT_PROJECT_VERSION = 1;
				DEVELOPMENT_TEAM = ZNPQPP89HM;
				GENERATE_INFOPLIST_FILE = YES;
				IPHONEOS_DEPLOYMENT_TARGET = 17.2;
				MARKETING_VERSION = 1.0;
				PRODUCT_BUNDLE_IDENTIFIER = com.example.TravelCostMVVMTests;
				PRODUCT_NAME = "$(TARGET_NAME)";
				SWIFT_EMIT_LOC_STRINGS = NO;
				SWIFT_VERSION = 5.0;
				TARGETED_DEVICE_FAMILY = "1,2";
				TEST_HOST = "$(BUILT_PRODUCTS_DIR)/TravelCostMVVM.app/$(BUNDLE_EXECUTABLE_FOLDER_PATH)/TravelCostMVVM";
			};
			name = Debug;
		};
		C4DA8D6B2C74A2300064C472 /* Release */ = {
			isa = XCBuildConfiguration;
			buildSettings = {
				ALWAYS_EMBED_SWIFT_STANDARD_LIBRARIES = YES;
				BUNDLE_LOADER = "$(TEST_HOST)";
				CODE_SIGN_STYLE = Automatic;
				CURRENT_PROJECT_VERSION = 1;
				DEVELOPMENT_TEAM = ZNPQPP89HM;
				GENERATE_INFOPLIST_FILE = YES;
				IPHONEOS_DEPLOYMENT_TARGET = 17.2;
				MARKETING_VERSION = 1.0;
				PRODUCT_BUNDLE_IDENTIFIER = com.example.TravelCostMVVMTests;
				PRODUCT_NAME = "$(TARGET_NAME)";
				SWIFT_EMIT_LOC_STRINGS = NO;
				SWIFT_VERSION = 5.0;
				TARGETED_DEVICE_FAMILY = "1,2";
				TEST_HOST = "$(BUILT_PRODUCTS_DIR)/TravelCostMVVM.app/$(BUNDLE_EXECUTABLE_FOLDER_PATH)/TravelCostMVVM";
			};
			name = Release;
		};
/* End XCBuildConfiguration section */

/* Begin XCConfigurationList section */
		C4DA8D372C74A22E0064C472 /* Build configuration list for PBXProject "TravelCostMVVM" */ = {
			isa = XCConfigurationList;
			buildConfigurations = (
				C4DA8D642C74A2300064C472 /* Debug */,
				C4DA8D652C74A2300064C472 /* Release */,
			);
			defaultConfigurationIsVisible = 0;
			defaultConfigurationName = Release;
		};
		C4DA8D662C74A2300064C472 /* Build configuration list for PBXNativeTarget "TravelCostMVVM" */ = {
			isa = XCConfigurationList;
			buildConfigurations = (
				C4DA8D672C74A2300064C472 /* Debug */,
				C4DA8D682C74A2300064C472 /* Release */,
			);
			defaultConfigurationIsVisible = 0;
			defaultConfigurationName = Release;
		};
		C4DA8D692C74A2300064C472 /* Build configuration list for PBXNativeTarget "TravelCostMVVMTests" */ = {
			isa = XCConfigurationList;
			buildConfigurations = (
				C4DA8D6A2C74A2300064C472 /* Debug */,
				C4DA8D6B2C74A2300064C472 /* Release */,
			);
			defaultConfigurationIsVisible = 0;
			defaultConfigurationName = Release;
		};
/* End XCConfigurationList section */

/* Begin XCRemoteSwiftPackageReference section */
		C4DA8D9F2C74BA720064C472 /* XCRemoteSwiftPackageReference "SnapKit" */ = {
			isa = XCRemoteSwiftPackageReference;
			repositoryURL = "https://github.com/SnapKit/SnapKit.git";
			requirement = {
				kind = upToNextMajorVersion;
				minimumVersion = 5.7.1;
			};
		};
/* End XCRemoteSwiftPackageReference section */

/* Begin XCSwiftPackageProductDependency section */
		C4DA8DA02C74BA720064C472 /* SnapKit */ = {
			isa = XCSwiftPackageProductDependency;
			package = C4DA8D9F2C74BA720064C472 /* XCRemoteSwiftPackageReference "SnapKit" */;
			productName = SnapKit;
		};
/* End XCSwiftPackageProductDependency section */

/* Begin XCVersionGroup section */
		C4DA8DF62C75F3560064C472 /* DataModel.xcdatamodeld */ = {
			isa = XCVersionGroup;
			children = (
				C4DA8DF72C75F3560064C472 /* DataModel.xcdatamodel */,
			);
			currentVersion = C4DA8DF72C75F3560064C472 /* DataModel.xcdatamodel */;
			path = DataModel.xcdatamodeld;
			sourceTree = "<group>";
			versionGroupType = wrapper.xcdatamodel;
		};
/* End XCVersionGroup section */
	};
	rootObject = C4DA8D342C74A22E0064C472 /* Project object */;
}
